// !$*UTF8*$!
{
	archiveVersion = 1;
	classes = {
	};
	objectVersion = 50;
	objects = {

/* Begin PBXBuildFile section */
		F317ECA72467D5610071574D /* AppDelegate.swift in Sources */ = {isa = PBXBuildFile; fileRef = F317ECA62467D5610071574D /* AppDelegate.swift */; };
		F317ECA92467D5610071574D /* SceneDelegate.swift in Sources */ = {isa = PBXBuildFile; fileRef = F317ECA82467D5610071574D /* SceneDelegate.swift */; };
		F317ECAB2467D5610071574D /* RaceView.swift in Sources */ = {isa = PBXBuildFile; fileRef = F317ECAA2467D5610071574D /* RaceView.swift */; };
		F317ECAD2467D5620071574D /* Assets.xcassets in Resources */ = {isa = PBXBuildFile; fileRef = F317ECAC2467D5620071574D /* Assets.xcassets */; };
		F317ECB02467D5620071574D /* Preview Assets.xcassets in Resources */ = {isa = PBXBuildFile; fileRef = F317ECAF2467D5620071574D /* Preview Assets.xcassets */; };
		F317ECB32467D5620071574D /* LaunchScreen.storyboard in Resources */ = {isa = PBXBuildFile; fileRef = F317ECB12467D5620071574D /* LaunchScreen.storyboard */; };
		F388792F2467F7FC004C4468 /* EmersonsGameTests.swift in Sources */ = {isa = PBXBuildFile; fileRef = F388792E2467F7FC004C4468 /* EmersonsGameTests.swift */; };
		F38879382467F895004C4468 /* RacerTests.swift in Sources */ = {isa = PBXBuildFile; fileRef = F38879372467F895004C4468 /* RacerTests.swift */; };
		F388793E24683BFE004C4468 /* Racer.swift in Sources */ = {isa = PBXBuildFile; fileRef = F388793D24683BFE004C4468 /* Racer.swift */; };
		F388794024683FC4004C4468 /* SpeedTests.swift in Sources */ = {isa = PBXBuildFile; fileRef = F388793F24683FC4004C4468 /* SpeedTests.swift */; };
		F3887942246840EF004C4468 /* Speed.swift in Sources */ = {isa = PBXBuildFile; fileRef = F3887941246840EF004C4468 /* Speed.swift */; };
/* End PBXBuildFile section */

/* Begin PBXContainerItemProxy section */
		F38879312467F7FC004C4468 /* PBXContainerItemProxy */ = {
			isa = PBXContainerItemProxy;
			containerPortal = F317EC9B2467D5610071574D /* Project object */;
			proxyType = 1;
			remoteGlobalIDString = F317ECA22467D5610071574D;
			remoteInfo = EmersonsGame;
		};
/* End PBXContainerItemProxy section */

/* Begin PBXFileReference section */
		F317ECA32467D5610071574D /* EmersonsGame.app */ = {isa = PBXFileReference; explicitFileType = wrapper.application; includeInIndex = 0; path = EmersonsGame.app; sourceTree = BUILT_PRODUCTS_DIR; };
		F317ECA62467D5610071574D /* AppDelegate.swift */ = {isa = PBXFileReference; lastKnownFileType = sourcecode.swift; path = AppDelegate.swift; sourceTree = "<group>"; };
		F317ECA82467D5610071574D /* SceneDelegate.swift */ = {isa = PBXFileReference; lastKnownFileType = sourcecode.swift; path = SceneDelegate.swift; sourceTree = "<group>"; };
		F317ECAA2467D5610071574D /* RaceView.swift */ = {isa = PBXFileReference; lastKnownFileType = sourcecode.swift; path = RaceView.swift; sourceTree = "<group>"; };
		F317ECAC2467D5620071574D /* Assets.xcassets */ = {isa = PBXFileReference; lastKnownFileType = folder.assetcatalog; path = Assets.xcassets; sourceTree = "<group>"; };
		F317ECAF2467D5620071574D /* Preview Assets.xcassets */ = {isa = PBXFileReference; lastKnownFileType = folder.assetcatalog; path = "Preview Assets.xcassets"; sourceTree = "<group>"; };
		F317ECB22467D5620071574D /* Base */ = {isa = PBXFileReference; lastKnownFileType = file.storyboard; name = Base; path = Base.lproj/LaunchScreen.storyboard; sourceTree = "<group>"; };
		F317ECB42467D5620071574D /* Info.plist */ = {isa = PBXFileReference; lastKnownFileType = text.plist.xml; path = Info.plist; sourceTree = "<group>"; };
		F388792C2467F7FC004C4468 /* EmersonsGameTests.xctest */ = {isa = PBXFileReference; explicitFileType = wrapper.cfbundle; includeInIndex = 0; path = EmersonsGameTests.xctest; sourceTree = BUILT_PRODUCTS_DIR; };
		F388792E2467F7FC004C4468 /* EmersonsGameTests.swift */ = {isa = PBXFileReference; lastKnownFileType = sourcecode.swift; path = EmersonsGameTests.swift; sourceTree = "<group>"; };
		F38879302467F7FC004C4468 /* Info.plist */ = {isa = PBXFileReference; lastKnownFileType = text.plist.xml; path = Info.plist; sourceTree = "<group>"; };
		F38879372467F895004C4468 /* RacerTests.swift */ = {isa = PBXFileReference; lastKnownFileType = sourcecode.swift; path = RacerTests.swift; sourceTree = "<group>"; };
		F388793D24683BFE004C4468 /* Racer.swift */ = {isa = PBXFileReference; lastKnownFileType = sourcecode.swift; path = Racer.swift; sourceTree = "<group>"; };
		F388793F24683FC4004C4468 /* SpeedTests.swift */ = {isa = PBXFileReference; lastKnownFileType = sourcecode.swift; path = SpeedTests.swift; sourceTree = "<group>"; };
		F3887941246840EF004C4468 /* Speed.swift */ = {isa = PBXFileReference; lastKnownFileType = sourcecode.swift; path = Speed.swift; sourceTree = "<group>"; };
/* End PBXFileReference section */

/* Begin PBXFrameworksBuildPhase section */
		F317ECA02467D5610071574D /* Frameworks */ = {
			isa = PBXFrameworksBuildPhase;
			buildActionMask = 2147483647;
			files = (
			);
			runOnlyForDeploymentPostprocessing = 0;
		};
		F38879292467F7FC004C4468 /* Frameworks */ = {
			isa = PBXFrameworksBuildPhase;
			buildActionMask = 2147483647;
			files = (
			);
			runOnlyForDeploymentPostprocessing = 0;
		};
/* End PBXFrameworksBuildPhase section */

/* Begin PBXGroup section */
		F317EC9A2467D5610071574D = {
			isa = PBXGroup;
			children = (
				F317ECA52467D5610071574D /* EmersonsGame */,
				F388792D2467F7FC004C4468 /* EmersonsGameTests */,
				F317ECA42467D5610071574D /* Products */,
			);
			sourceTree = "<group>";
		};
		F317ECA42467D5610071574D /* Products */ = {
			isa = PBXGroup;
			children = (
				F317ECA32467D5610071574D /* EmersonsGame.app */,
				F388792C2467F7FC004C4468 /* EmersonsGameTests.xctest */,
			);
			name = Products;
			sourceTree = "<group>";
		};
		F317ECA52467D5610071574D /* EmersonsGame */ = {
			isa = PBXGroup;
			children = (
				F388793C24683BEF004C4468 /* Models */,
				F317ECA62467D5610071574D /* AppDelegate.swift */,
				F317ECA82467D5610071574D /* SceneDelegate.swift */,
				F317ECAA2467D5610071574D /* RaceView.swift */,
				F317ECAC2467D5620071574D /* Assets.xcassets */,
				F317ECB12467D5620071574D /* LaunchScreen.storyboard */,
				F317ECB42467D5620071574D /* Info.plist */,
				F317ECAE2467D5620071574D /* Preview Content */,
			);
			path = EmersonsGame;
			sourceTree = "<group>";
		};
		F317ECAE2467D5620071574D /* Preview Content */ = {
			isa = PBXGroup;
			children = (
				F317ECAF2467D5620071574D /* Preview Assets.xcassets */,
			);
			path = "Preview Content";
			sourceTree = "<group>";
		};
		F388792D2467F7FC004C4468 /* EmersonsGameTests */ = {
			isa = PBXGroup;
			children = (
				F38879362467F855004C4468 /* Models */,
				F388792E2467F7FC004C4468 /* EmersonsGameTests.swift */,
				F38879302467F7FC004C4468 /* Info.plist */,
			);
			path = EmersonsGameTests;
			sourceTree = "<group>";
		};
		F38879362467F855004C4468 /* Models */ = {
			isa = PBXGroup;
			children = (
				F38879372467F895004C4468 /* RacerTests.swift */,
				F388793F24683FC4004C4468 /* SpeedTests.swift */,
			);
			path = Models;
			sourceTree = "<group>";
		};
		F388793C24683BEF004C4468 /* Models */ = {
			isa = PBXGroup;
			children = (
				F388793D24683BFE004C4468 /* Racer.swift */,
				F3887941246840EF004C4468 /* Speed.swift */,
			);
			path = Models;
			sourceTree = "<group>";
		};
/* End PBXGroup section */

/* Begin PBXNativeTarget section */
		F317ECA22467D5610071574D /* EmersonsGame */ = {
			isa = PBXNativeTarget;
			buildConfigurationList = F317ECB72467D5620071574D /* Build configuration list for PBXNativeTarget "EmersonsGame" */;
			buildPhases = (
				F317EC9F2467D5610071574D /* Sources */,
				F317ECA02467D5610071574D /* Frameworks */,
				F317ECA12467D5610071574D /* Resources */,
			);
			buildRules = (
			);
			dependencies = (
			);
			name = EmersonsGame;
			productName = EmersonsGame;
			productReference = F317ECA32467D5610071574D /* EmersonsGame.app */;
			productType = "com.apple.product-type.application";
		};
		F388792B2467F7FC004C4468 /* EmersonsGameTests */ = {
			isa = PBXNativeTarget;
			buildConfigurationList = F38879332467F7FC004C4468 /* Build configuration list for PBXNativeTarget "EmersonsGameTests" */;
			buildPhases = (
				F38879282467F7FC004C4468 /* Sources */,
				F38879292467F7FC004C4468 /* Frameworks */,
				F388792A2467F7FC004C4468 /* Resources */,
			);
			buildRules = (
			);
			dependencies = (
				F38879322467F7FC004C4468 /* PBXTargetDependency */,
			);
			name = EmersonsGameTests;
			productName = EmersonsGameTests;
			productReference = F388792C2467F7FC004C4468 /* EmersonsGameTests.xctest */;
			productType = "com.apple.product-type.bundle.unit-test";
		};
/* End PBXNativeTarget section */

/* Begin PBXProject section */
		F317EC9B2467D5610071574D /* Project object */ = {
			isa = PBXProject;
			attributes = {
				LastSwiftUpdateCheck = 1140;
				LastUpgradeCheck = 1140;
				ORGANIZATIONNAME = "Ealden Escañan";
				TargetAttributes = {
					F317ECA22467D5610071574D = {
						CreatedOnToolsVersion = 11.4.1;
					};
					F388792B2467F7FC004C4468 = {
						CreatedOnToolsVersion = 11.4.1;
						TestTargetID = F317ECA22467D5610071574D;
					};
				};
			};
			buildConfigurationList = F317EC9E2467D5610071574D /* Build configuration list for PBXProject "EmersonsGame" */;
			compatibilityVersion = "Xcode 9.3";
			developmentRegion = en;
			hasScannedForEncodings = 0;
			knownRegions = (
				en,
				Base,
			);
			mainGroup = F317EC9A2467D5610071574D;
			productRefGroup = F317ECA42467D5610071574D /* Products */;
			projectDirPath = "";
			projectRoot = "";
			targets = (
				F317ECA22467D5610071574D /* EmersonsGame */,
				F388792B2467F7FC004C4468 /* EmersonsGameTests */,
			);
		};
/* End PBXProject section */

/* Begin PBXResourcesBuildPhase section */
		F317ECA12467D5610071574D /* Resources */ = {
			isa = PBXResourcesBuildPhase;
			buildActionMask = 2147483647;
			files = (
				F317ECB32467D5620071574D /* LaunchScreen.storyboard in Resources */,
				F317ECB02467D5620071574D /* Preview Assets.xcassets in Resources */,
				F317ECAD2467D5620071574D /* Assets.xcassets in Resources */,
			);
			runOnlyForDeploymentPostprocessing = 0;
		};
		F388792A2467F7FC004C4468 /* Resources */ = {
			isa = PBXResourcesBuildPhase;
			buildActionMask = 2147483647;
			files = (
			);
			runOnlyForDeploymentPostprocessing = 0;
		};
/* End PBXResourcesBuildPhase section */

/* Begin PBXSourcesBuildPhase section */
		F317EC9F2467D5610071574D /* Sources */ = {
			isa = PBXSourcesBuildPhase;
			buildActionMask = 2147483647;
			files = (
				F317ECA72467D5610071574D /* AppDelegate.swift in Sources */,
				F317ECA92467D5610071574D /* SceneDelegate.swift in Sources */,
				F317ECAB2467D5610071574D /* RaceView.swift in Sources */,
				F3887942246840EF004C4468 /* Speed.swift in Sources */,
				F388793E24683BFE004C4468 /* Racer.swift in Sources */,
			);
			runOnlyForDeploymentPostprocessing = 0;
		};
		F38879282467F7FC004C4468 /* Sources */ = {
			isa = PBXSourcesBuildPhase;
			buildActionMask = 2147483647;
			files = (
				F388794024683FC4004C4468 /* SpeedTests.swift in Sources */,
				F388792F2467F7FC004C4468 /* EmersonsGameTests.swift in Sources */,
				F38879382467F895004C4468 /* RacerTests.swift in Sources */,
			);
			runOnlyForDeploymentPostprocessing = 0;
		};
/* End PBXSourcesBuildPhase section */

/* Begin PBXTargetDependency section */
		F38879322467F7FC004C4468 /* PBXTargetDependency */ = {
			isa = PBXTargetDependency;
			target = F317ECA22467D5610071574D /* EmersonsGame */;
			targetProxy = F38879312467F7FC004C4468 /* PBXContainerItemProxy */;
		};
/* End PBXTargetDependency section */

/* Begin PBXVariantGroup section */
		F317ECB12467D5620071574D /* LaunchScreen.storyboard */ = {
			isa = PBXVariantGroup;
			children = (
				F317ECB22467D5620071574D /* Base */,
			);
			name = LaunchScreen.storyboard;
			sourceTree = "<group>";
		};
/* End PBXVariantGroup section */

/* Begin XCBuildConfiguration section */
		F317ECB52467D5620071574D /* Debug */ = {
			isa = XCBuildConfiguration;
			buildSettings = {
				ALWAYS_SEARCH_USER_PATHS = NO;
				CLANG_ANALYZER_NONNULL = YES;
				CLANG_ANALYZER_NUMBER_OBJECT_CONVERSION = YES_AGGRESSIVE;
				CLANG_CXX_LANGUAGE_STANDARD = "gnu++14";
				CLANG_CXX_LIBRARY = "libc++";
				CLANG_ENABLE_MODULES = YES;
				CLANG_ENABLE_OBJC_ARC = YES;
				CLANG_ENABLE_OBJC_WEAK = YES;
				CLANG_WARN_BLOCK_CAPTURE_AUTORELEASING = YES;
				CLANG_WARN_BOOL_CONVERSION = YES;
				CLANG_WARN_COMMA = YES;
				CLANG_WARN_CONSTANT_CONVERSION = YES;
				CLANG_WARN_DEPRECATED_OBJC_IMPLEMENTATIONS = YES;
				CLANG_WARN_DIRECT_OBJC_ISA_USAGE = YES_ERROR;
				CLANG_WARN_DOCUMENTATION_COMMENTS = YES;
				CLANG_WARN_EMPTY_BODY = YES;
				CLANG_WARN_ENUM_CONVERSION = YES;
				CLANG_WARN_INFINITE_RECURSION = YES;
				CLANG_WARN_INT_CONVERSION = YES;
				CLANG_WARN_NON_LITERAL_NULL_CONVERSION = YES;
				CLANG_WARN_OBJC_IMPLICIT_RETAIN_SELF = YES;
				CLANG_WARN_OBJC_LITERAL_CONVERSION = YES;
				CLANG_WARN_OBJC_ROOT_CLASS = YES_ERROR;
				CLANG_WARN_RANGE_LOOP_ANALYSIS = YES;
				CLANG_WARN_STRICT_PROTOTYPES = YES;
				CLANG_WARN_SUSPICIOUS_MOVE = YES;
				CLANG_WARN_UNGUARDED_AVAILABILITY = YES_AGGRESSIVE;
				CLANG_WARN_UNREACHABLE_CODE = YES;
				CLANG_WARN__DUPLICATE_METHOD_MATCH = YES;
				COPY_PHASE_STRIP = NO;
				DEBUG_INFORMATION_FORMAT = dwarf;
				ENABLE_STRICT_OBJC_MSGSEND = YES;
				ENABLE_TESTABILITY = YES;
				GCC_C_LANGUAGE_STANDARD = gnu11;
				GCC_DYNAMIC_NO_PIC = NO;
				GCC_NO_COMMON_BLOCKS = YES;
				GCC_OPTIMIZATION_LEVEL = 0;
				GCC_PREPROCESSOR_DEFINITIONS = (
					"DEBUG=1",
					"$(inherited)",
				);
				GCC_WARN_64_TO_32_BIT_CONVERSION = YES;
				GCC_WARN_ABOUT_RETURN_TYPE = YES_ERROR;
				GCC_WARN_UNDECLARED_SELECTOR = YES;
				GCC_WARN_UNINITIALIZED_AUTOS = YES_AGGRESSIVE;
				GCC_WARN_UNUSED_FUNCTION = YES;
				GCC_WARN_UNUSED_VARIABLE = YES;
				IPHONEOS_DEPLOYMENT_TARGET = 13.4;
				MTL_ENABLE_DEBUG_INFO = INCLUDE_SOURCE;
				MTL_FAST_MATH = YES;
				ONLY_ACTIVE_ARCH = YES;
				SDKROOT = iphoneos;
				SWIFT_ACTIVE_COMPILATION_CONDITIONS = DEBUG;
				SWIFT_OPTIMIZATION_LEVEL = "-Onone";
			};
			name = Debug;
		};
		F317ECB62467D5620071574D /* Release */ = {
			isa = XCBuildConfiguration;
			buildSettings = {
				ALWAYS_SEARCH_USER_PATHS = NO;
				CLANG_ANALYZER_NONNULL = YES;
				CLANG_ANALYZER_NUMBER_OBJECT_CONVERSION = YES_AGGRESSIVE;
				CLANG_CXX_LANGUAGE_STANDARD = "gnu++14";
				CLANG_CXX_LIBRARY = "libc++";
				CLANG_ENABLE_MODULES = YES;
				CLANG_ENABLE_OBJC_ARC = YES;
				CLANG_ENABLE_OBJC_WEAK = YES;
				CLANG_WARN_BLOCK_CAPTURE_AUTORELEASING = YES;
				CLANG_WARN_BOOL_CONVERSION = YES;
				CLANG_WARN_COMMA = YES;
				CLANG_WARN_CONSTANT_CONVERSION = YES;
				CLANG_WARN_DEPRECATED_OBJC_IMPLEMENTATIONS = YES;
				CLANG_WARN_DIRECT_OBJC_ISA_USAGE = YES_ERROR;
				CLANG_WARN_DOCUMENTATION_COMMENTS = YES;
				CLANG_WARN_EMPTY_BODY = YES;
				CLANG_WARN_ENUM_CONVERSION = YES;
				CLANG_WARN_INFINITE_RECURSION = YES;
				CLANG_WARN_INT_CONVERSION = YES;
				CLANG_WARN_NON_LITERAL_NULL_CONVERSION = YES;
				CLANG_WARN_OBJC_IMPLICIT_RETAIN_SELF = YES;
				CLANG_WARN_OBJC_LITERAL_CONVERSION = YES;
				CLANG_WARN_OBJC_ROOT_CLASS = YES_ERROR;
				CLANG_WARN_RANGE_LOOP_ANALYSIS = YES;
				CLANG_WARN_STRICT_PROTOTYPES = YES;
				CLANG_WARN_SUSPICIOUS_MOVE = YES;
				CLANG_WARN_UNGUARDED_AVAILABILITY = YES_AGGRESSIVE;
				CLANG_WARN_UNREACHABLE_CODE = YES;
				CLANG_WARN__DUPLICATE_METHOD_MATCH = YES;
				COPY_PHASE_STRIP = NO;
				DEBUG_INFORMATION_FORMAT = "dwarf-with-dsym";
				ENABLE_NS_ASSERTIONS = NO;
				ENABLE_STRICT_OBJC_MSGSEND = YES;
				GCC_C_LANGUAGE_STANDARD = gnu11;
				GCC_NO_COMMON_BLOCKS = YES;
				GCC_WARN_64_TO_32_BIT_CONVERSION = YES;
				GCC_WARN_ABOUT_RETURN_TYPE = YES_ERROR;
				GCC_WARN_UNDECLARED_SELECTOR = YES;
				GCC_WARN_UNINITIALIZED_AUTOS = YES_AGGRESSIVE;
				GCC_WARN_UNUSED_FUNCTION = YES;
				GCC_WARN_UNUSED_VARIABLE = YES;
				IPHONEOS_DEPLOYMENT_TARGET = 13.4;
				MTL_ENABLE_DEBUG_INFO = NO;
				MTL_FAST_MATH = YES;
				SDKROOT = iphoneos;
				SWIFT_COMPILATION_MODE = wholemodule;
				SWIFT_OPTIMIZATION_LEVEL = "-O";
				VALIDATE_PRODUCT = YES;
			};
			name = Release;
		};
		F317ECB82467D5620071574D /* Debug */ = {
			isa = XCBuildConfiguration;
			buildSettings = {
				ASSETCATALOG_COMPILER_APPICON_NAME = AppIcon;
				CODE_SIGN_STYLE = Automatic;
				DEVELOPMENT_ASSET_PATHS = "\"EmersonsGame/Preview Content\"";
				DEVELOPMENT_TEAM = 9QXSJ8S8ZD;
				ENABLE_PREVIEWS = YES;
				INFOPLIST_FILE = EmersonsGame/Info.plist;
				LD_RUNPATH_SEARCH_PATHS = (
					"$(inherited)",
					"@executable_path/Frameworks",
				);
				PRODUCT_BUNDLE_IDENTIFIER = com.escanan.ealden.EmersonsGame;
				PRODUCT_NAME = "$(TARGET_NAME)";
				SWIFT_VERSION = 5.0;
				TARGETED_DEVICE_FAMILY = "1,2";
			};
			name = Debug;
		};
		F317ECB92467D5620071574D /* Release */ = {
			isa = XCBuildConfiguration;
			buildSettings = {
				ASSETCATALOG_COMPILER_APPICON_NAME = AppIcon;
				CODE_SIGN_STYLE = Automatic;
				DEVELOPMENT_ASSET_PATHS = "\"EmersonsGame/Preview Content\"";
				DEVELOPMENT_TEAM = 9QXSJ8S8ZD;
				ENABLE_PREVIEWS = YES;
				INFOPLIST_FILE = EmersonsGame/Info.plist;
				LD_RUNPATH_SEARCH_PATHS = (
					"$(inherited)",
					"@executable_path/Frameworks",
				);
				PRODUCT_BUNDLE_IDENTIFIER = com.escanan.ealden.EmersonsGame;
				PRODUCT_NAME = "$(TARGET_NAME)";
				SWIFT_VERSION = 5.0;
				TARGETED_DEVICE_FAMILY = "1,2";
			};
			name = Release;
		};
		F38879342467F7FC004C4468 /* Debug */ = {
			isa = XCBuildConfiguration;
			buildSettings = {
				BUNDLE_LOADER = "$(TEST_HOST)";
				CODE_SIGN_STYLE = Automatic;
				DEVELOPMENT_TEAM = 9QXSJ8S8ZD;
				INFOPLIST_FILE = EmersonsGameTests/Info.plist;
				LD_RUNPATH_SEARCH_PATHS = (
					"$(inherited)",
					"@executable_path/Frameworks",
					"@loader_path/Frameworks",
				);
				PRODUCT_BUNDLE_IDENTIFIER = com.escanan.ealden.EmersonsGameTests;
				PRODUCT_NAME = "$(TARGET_NAME)";
				SWIFT_VERSION = 5.0;
				TARGETED_DEVICE_FAMILY = "1,2";
				TEST_HOST = "$(BUILT_PRODUCTS_DIR)/EmersonsGame.app/EmersonsGame";
			};
			name = Debug;
		};
		F38879352467F7FC004C4468 /* Release */ = {
			isa = XCBuildConfiguration;
			buildSettings = {
				BUNDLE_LOADER = "$(TEST_HOST)";
				CODE_SIGN_STYLE = Automatic;
				DEVELOPMENT_TEAM = 9QXSJ8S8ZD;
				INFOPLIST_FILE = EmersonsGameTests/Info.plist;
				LD_RUNPATH_SEARCH_PATHS = (
					"$(inherited)",
					"@executable_path/Frameworks",
					"@loader_path/Frameworks",
				);
				PRODUCT_BUNDLE_IDENTIFIER = com.escanan.ealden.EmersonsGameTests;
				PRODUCT_NAME = "$(TARGET_NAME)";
				SWIFT_VERSION = 5.0;
				TARGETED_DEVICE_FAMILY = "1,2";
				TEST_HOST = "$(BUILT_PRODUCTS_DIR)/EmersonsGame.app/EmersonsGame";
			};
			name = Release;
		};
/* End XCBuildConfiguration section */

/* Begin XCConfigurationList section */
		F317EC9E2467D5610071574D /* Build configuration list for PBXProject "EmersonsGame" */ = {
			isa = XCConfigurationList;
			buildConfigurations = (
				F317ECB52467D5620071574D /* Debug */,
				F317ECB62467D5620071574D /* Release */,
			);
			defaultConfigurationIsVisible = 0;
			defaultConfigurationName = Release;
		};
		F317ECB72467D5620071574D /* Build configuration list for PBXNativeTarget "EmersonsGame" */ = {
			isa = XCConfigurationList;
			buildConfigurations = (
				F317ECB82467D5620071574D /* Debug */,
				F317ECB92467D5620071574D /* Release */,
			);
			defaultConfigurationIsVisible = 0;
			defaultConfigurationName = Release;
		};
		F38879332467F7FC004C4468 /* Build configuration list for PBXNativeTarget "EmersonsGameTests" */ = {
			isa = XCConfigurationList;
			buildConfigurations = (
				F38879342467F7FC004C4468 /* Debug */,
				F38879352467F7FC004C4468 /* Release */,
			);
			defaultConfigurationIsVisible = 0;
			defaultConfigurationName = Release;
		};
/* End XCConfigurationList section */
	};
	rootObject = F317EC9B2467D5610071574D /* Project object */;
}
